
Microsoft Visual Studio Solution File, Format Version 12.00
# Visual Studio Version 17
VisualStudioVersion = 17.5.002.0
MinimumVisualStudioVersion = 10.0.40219.1
Project("{9A19103F-16F7-4668-BE54-9A1E7A4F7556}") = "majang", "majang.csproj", "{FD4BFF01-C1A4-4D27-932F-943799F7E00A}"
EndProject
Global
	GlobalSection(SolutionConfigurationPlatforms) = preSolution
		Debug|Any CPU = Debug|Any CPU
		Release|Any CPU = Release|Any CPU
	EndGlobalSection
	GlobalSection(ProjectConfigurationPlatforms) = postSolution
		{FD4BFF01-C1A4-4D27-932F-943799F7E00A}.Debug|Any CPU.ActiveCfg = Debug|Any CPU
		{FD4BFF01-C1A4-4D27-932F-943799F7E00A}.Debug|Any CPU.Build.0 = Debug|Any CPU
		{FD4BFF01-C1A4-4D27-932F-943799F7E00A}.Release|Any CPU.ActiveCfg = Release|Any CPU
		{FD4BFF01-C1A4-4D27-932F-943799F7E00A}.Release|Any CPU.Build.0 = Release|Any CPU
	EndGlobalSection
	GlobalSection(SolutionProperties) = preSolution
		HideSolutionNode = FALSE
	EndGlobalSection
	GlobalSection(ExtensibilityGlobals) = postSolution
		SolutionGuid = {63E2A384-B967-429A-A463-46DE29FB1821}
	EndGlobalSection
EndGlobal
